# THIS IS AN AUTOGENERATED FILE. DO NOT EDIT THIS FILE DIRECTLY.
# yarn lockfile v1


bluebird@^3.5.1:
  version "3.7.1"
  resolved "https://registry.yarnpkg.com/bluebird/-/bluebird-3.7.1.tgz#df70e302b471d7473489acf26a93d63b53f874de"
  integrity sha512-DdmyoGCleJnkbp3nkbxTLJ18rjDsE4yCggEwKNXkeV123sPNfOCYeDoeuOY+F2FrSjO1YXcTU+dsy96KMy+gcg==

csvtojson@^2.0.10:
  version "2.0.10"
  resolved "https://registry.yarnpkg.com/csvtojson/-/csvtojson-2.0.10.tgz#11e7242cc630da54efce7958a45f443210357574"
  integrity sha512-lUWFxGKyhraKCW8Qghz6Z0f2l/PqB1W3AO0HKJzGIQ5JRSlR651ekJDiGJbBT4sRNNv5ddnSGVEnsxP9XRCVpQ==
  dependencies:
    bluebird "^3.5.1"
    lodash "^4.17.3"
    strip-bom "^2.0.0"

is-utf8@^0.2.0:
  version "0.2.1"
  resolved "https://registry.yarnpkg.com/is-utf8/-/is-utf8-0.2.1.tgz#4b0da1442104d1b336340e80797e865cf39f7d72"
  integrity sha1-Sw2hRCEE0bM2NA6AeX6GXPOffXI=

lodash.capitalize@^4.2.1:
  version "4.2.1"
  resolved "https://registry.yarnpkg.com/lodash.capitalize/-/lodash.capitalize-4.2.1.tgz#f826c9b4e2a8511d84e3aca29db05e1a4f3b72a9"
  integrity sha1-+CbJtOKoUR2E46yinbBeGk87cqk=

lodash.startcase@^4.4.0:
  version "4.4.0"
  resolved "https://registry.yarnpkg.com/lodash.startcase/-/lodash.startcase-4.4.0.tgz#9436e34ed26093ed7ffae1936144350915d9add8"
  integrity sha1-lDbjTtJgk+1/+uGTYUQ1CRXZrdg=

lodash@^4.17.3:
  version "4.17.19"
  resolved "https://registry.yarnpkg.com/lodash/-/lodash-4.17.19.tgz#e48ddedbe30b3321783c5b4301fbd353bc1e4a4b"
  integrity sha512-JNvd8XER9GQX0v2qJgsaN/mzFCNA5BRe/j8JN9d+tWyGLSodKQHKFicdwNYzWwI3wjRnaKPsGj1XkBjx/F96DQ==

strip-bom@^2.0.0:
  version "2.0.0"
  resolved "https://registry.yarnpkg.com/strip-bom/-/strip-bom-2.0.0.tgz#6219a85616520491f35788bdbf1447a99c7e6b0e"
  integrity sha1-YhmoVhZSBJHzV4i9vxRHqZx+aw4=
  dependencies:
    is-utf8 "^0.2.0"
